
Microsoft Visual Studio Solution File, Format Version 12.00
# Visual Studio Version 16
VisualStudioVersion = 16.0.29230.47
MinimumVisualStudioVersion = 10.0.40219.1
Project("{FAE04EC0-301F-11D3-BF4B-00C04F79EFBC}") = "RideshareIdentityFramework", "RideshareIdentityFramework\RideshareIdentityFramework.csproj", "{BC953EFB-6455-4336-825F-A19815EAAEB8}"
EndProject
Global
	GlobalSection(SolutionConfigurationPlatforms) = preSolution
		Debug|Any CPU = Debug|Any CPU
		Release|Any CPU = Release|Any CPU
	EndGlobalSection
	GlobalSection(ProjectConfigurationPlatforms) = postSolution
		{BC953EFB-6455-4336-825F-A19815EAAEB8}.Debug|Any CPU.ActiveCfg = Debug|Any CPU
		{BC953EFB-6455-4336-825F-A19815EAAEB8}.Debug|Any CPU.Build.0 = Debug|Any CPU
		{BC953EFB-6455-4336-825F-A19815EAAEB8}.Release|Any CPU.ActiveCfg = Release|Any CPU
		{BC953EFB-6455-4336-825F-A19815EAAEB8}.Release|Any CPU.Build.0 = Release|Any CPU
	EndGlobalSection
	GlobalSection(SolutionProperties) = preSolution
		HideSolutionNode = FALSE
	EndGlobalSection
	GlobalSection(ExtensibilityGlobals) = postSolution
		SolutionGuid = {8D2FF423-60A5-4634-8861-60D9B673B061}
	EndGlobalSection
EndGlobal
